# This file is automatically @generated by Cargo.
# It is not intended for manual editing.
[[package]]
name = "coding-2"
version = "0.1.0"
dependencies = [
 "min_max_macros",
]

[[package]]
name = "min_max_macros"
version = "0.1.1"
source = "registry+https://github.com/rust-lang/crates.io-index"
checksum = "131a74fe105e2662ce9646e3a3af4c0eeb19bc0e5936852bf81341bfc415b9f2"
